
Microsoft Visual Studio Solution File, Format Version 12.00
# Visual Studio Version 17
VisualStudioVersion = 17.7.34031.279
MinimumVisualStudioVersion = 10.0.40219.1
Project("{FAE04EC0-301F-11D3-BF4B-00C04F79EFBC}") = "FirstDisplay", "FirstDisplay.csproj", "{B35934B4-B001-4AC2-ADAC-D30B0A04C479}"
EndProject
Global
	GlobalSection(SolutionConfigurationPlatforms) = preSolution
		Debug|Any CPU = Debug|Any CPU
		Release|Any CPU = Release|Any CPU
	EndGlobalSection
	GlobalSection(ProjectConfigurationPlatforms) = postSolution
		{B35934B4-B001-4AC2-ADAC-D30B0A04C479}.Debug|Any CPU.ActiveCfg = Debug|Any CPU
		{B35934B4-B001-4AC2-ADAC-D30B0A04C479}.Debug|Any CPU.Build.0 = Debug|Any CPU
		{B35934B4-B001-4AC2-ADAC-D30B0A04C479}.Release|Any CPU.ActiveCfg = Release|Any CPU
		{B35934B4-B001-4AC2-ADAC-D30B0A04C479}.Release|Any CPU.Build.0 = Release|Any CPU
	EndGlobalSection
	GlobalSection(SolutionProperties) = preSolution
		HideSolutionNode = FALSE
	EndGlobalSection
	GlobalSection(ExtensibilityGlobals) = postSolution
		SolutionGuid = {47C479EE-5609-48F2-81C2-DEE4BDB61B63}
	EndGlobalSection
EndGlobal
